// !$*UTF8*$!
{
	archiveVersion = 1;
	classes = {
	};
	objectVersion = 56;
	objects = {

/* Begin PBXBuildFile section */
		A5601E592943453C001CB52F /* AppDelegate.swift in Sources */ = {isa = PBXBuildFile; fileRef = A5601E582943453C001CB52F /* AppDelegate.swift */; };
		A5601E5B2943453C001CB52F /* SceneDelegate.swift in Sources */ = {isa = PBXBuildFile; fileRef = A5601E5A2943453C001CB52F /* SceneDelegate.swift */; };
		A5601E5D2943453C001CB52F /* ViewController.swift in Sources */ = {isa = PBXBuildFile; fileRef = A5601E5C2943453C001CB52F /* ViewController.swift */; };
		A5601E602943453C001CB52F /* Main.storyboard in Resources */ = {isa = PBXBuildFile; fileRef = A5601E5E2943453C001CB52F /* Main.storyboard */; };
		A5601E622943453D001CB52F /* Assets.xcassets in Resources */ = {isa = PBXBuildFile; fileRef = A5601E612943453D001CB52F /* Assets.xcassets */; };
		A5601E652943453D001CB52F /* LaunchScreen.storyboard in Resources */ = {isa = PBXBuildFile; fileRef = A5601E632943453D001CB52F /* LaunchScreen.storyboard */; };
		A5601E6E29434A6E001CB52F /* WonViewController.swift in Sources */ = {isa = PBXBuildFile; fileRef = A5601E6D29434A6E001CB52F /* WonViewController.swift */; };
		A5601E7029434A77001CB52F /* LostViewController.swift in Sources */ = {isa = PBXBuildFile; fileRef = A5601E6F29434A77001CB52F /* LostViewController.swift */; };
		ED32E20929505E7100720862 /* Charakter.swift in Sources */ = {isa = PBXBuildFile; fileRef = ED32E20829505E7100720862 /* Charakter.swift */; };
		ED32E20B29505EB500720862 /* Fighter.swift in Sources */ = {isa = PBXBuildFile; fileRef = ED32E20A29505EB500720862 /* Fighter.swift */; };
		ED32E20D29505EEF00720862 /* Magician.swift in Sources */ = {isa = PBXBuildFile; fileRef = ED32E20C29505EEF00720862 /* Magician.swift */; };
		ED32E20F29505F1600720862 /* Boss.swift in Sources */ = {isa = PBXBuildFile; fileRef = ED32E20E29505F1600720862 /* Boss.swift */; };
/* End PBXBuildFile section */

/* Begin PBXFileReference section */
		A5601E552943453C001CB52F /* BasicGame.app */ = {isa = PBXFileReference; explicitFileType = wrapper.application; includeInIndex = 0; path = BasicGame.app; sourceTree = BUILT_PRODUCTS_DIR; };
		A5601E582943453C001CB52F /* AppDelegate.swift */ = {isa = PBXFileReference; lastKnownFileType = sourcecode.swift; path = AppDelegate.swift; sourceTree = "<group>"; };
		A5601E5A2943453C001CB52F /* SceneDelegate.swift */ = {isa = PBXFileReference; lastKnownFileType = sourcecode.swift; path = SceneDelegate.swift; sourceTree = "<group>"; };
		A5601E5C2943453C001CB52F /* ViewController.swift */ = {isa = PBXFileReference; lastKnownFileType = sourcecode.swift; path = ViewController.swift; sourceTree = "<group>"; };
		A5601E5F2943453C001CB52F /* Base */ = {isa = PBXFileReference; lastKnownFileType = file.storyboard; name = Base; path = Base.lproj/Main.storyboard; sourceTree = "<group>"; };
		A5601E612943453D001CB52F /* Assets.xcassets */ = {isa = PBXFileReference; lastKnownFileType = folder.assetcatalog; path = Assets.xcassets; sourceTree = "<group>"; };
		A5601E642943453D001CB52F /* Base */ = {isa = PBXFileReference; lastKnownFileType = file.storyboard; name = Base; path = Base.lproj/LaunchScreen.storyboard; sourceTree = "<group>"; };
		A5601E662943453D001CB52F /* Info.plist */ = {isa = PBXFileReference; lastKnownFileType = text.plist.xml; path = Info.plist; sourceTree = "<group>"; };
		A5601E6D29434A6E001CB52F /* WonViewController.swift */ = {isa = PBXFileReference; lastKnownFileType = sourcecode.swift; path = WonViewController.swift; sourceTree = "<group>"; };
		A5601E6F29434A77001CB52F /* LostViewController.swift */ = {isa = PBXFileReference; lastKnownFileType = sourcecode.swift; path = LostViewController.swift; sourceTree = "<group>"; };
		ED32E20829505E7100720862 /* Charakter.swift */ = {isa = PBXFileReference; lastKnownFileType = sourcecode.swift; path = Charakter.swift; sourceTree = "<group>"; };
		ED32E20A29505EB500720862 /* Fighter.swift */ = {isa = PBXFileReference; lastKnownFileType = sourcecode.swift; path = Fighter.swift; sourceTree = "<group>"; };
		ED32E20C29505EEF00720862 /* Magician.swift */ = {isa = PBXFileReference; lastKnownFileType = sourcecode.swift; path = Magician.swift; sourceTree = "<group>"; };
		ED32E20E29505F1600720862 /* Boss.swift */ = {isa = PBXFileReference; lastKnownFileType = sourcecode.swift; path = Boss.swift; sourceTree = "<group>"; };
/* End PBXFileReference section */

/* Begin PBXFrameworksBuildPhase section */
		A5601E522943453C001CB52F /* Frameworks */ = {
			isa = PBXFrameworksBuildPhase;
			buildActionMask = 2147483647;
			files = (
			);
			runOnlyForDeploymentPostprocessing = 0;
		};
/* End PBXFrameworksBuildPhase section */

/* Begin PBXGroup section */
		A51B13982949A32B004CAD4F /* Views */ = {
			isa = PBXGroup;
			children = (
				A5601E5E2943453C001CB52F /* Main.storyboard */,
				A5601E632943453D001CB52F /* LaunchScreen.storyboard */,
			);
			path = Views;
			sourceTree = "<group>";
		};
		A5601E4C2943453C001CB52F = {
			isa = PBXGroup;
			children = (
				A5601E572943453C001CB52F /* BowserBash */,
				A5601E562943453C001CB52F /* Products */,
			);
			sourceTree = "<group>";
		};
		A5601E562943453C001CB52F /* Products */ = {
			isa = PBXGroup;
			children = (
				A5601E552943453C001CB52F /* BasicGame.app */,
			);
			name = Products;
			sourceTree = "<group>";
		};
		A5601E572943453C001CB52F /* BowserBash */ = {
			isa = PBXGroup;
			children = (
				A5601E712943532F001CB52F /* Models */,
				A51B13982949A32B004CAD4F /* Views */,
				A5601E6C29434A55001CB52F /* Controllers */,
				A5601E582943453C001CB52F /* AppDelegate.swift */,
				A5601E5A2943453C001CB52F /* SceneDelegate.swift */,
				A5601E612943453D001CB52F /* Assets.xcassets */,
				A5601E662943453D001CB52F /* Info.plist */,
			);
			path = BowserBash;
			sourceTree = "<group>";
		};
		A5601E6C29434A55001CB52F /* Controllers */ = {
			isa = PBXGroup;
			children = (
				A5601E5C2943453C001CB52F /* ViewController.swift */,
				A5601E6D29434A6E001CB52F /* WonViewController.swift */,
				A5601E6F29434A77001CB52F /* LostViewController.swift */,
			);
			path = Controllers;
			sourceTree = "<group>";
		};
		A5601E712943532F001CB52F /* Models */ = {
			isa = PBXGroup;
			children = (
				ED32E20829505E7100720862 /* Charakter.swift */,
				ED32E20A29505EB500720862 /* Fighter.swift */,
				ED32E20C29505EEF00720862 /* Magician.swift */,
				ED32E20E29505F1600720862 /* Boss.swift */,
			);
			path = Models;
			sourceTree = "<group>";
		};
/* End PBXGroup section */

/* Begin PBXNativeTarget section */
		A5601E542943453C001CB52F /* BasicGame */ = {
			isa = PBXNativeTarget;
			buildConfigurationList = A5601E692943453D001CB52F /* Build configuration list for PBXNativeTarget "BasicGame" */;
			buildPhases = (
				A5601E512943453C001CB52F /* Sources */,
				A5601E522943453C001CB52F /* Frameworks */,
				A5601E532943453C001CB52F /* Resources */,
			);
			buildRules = (
			);
			dependencies = (
			);
			name = BasicGame;
			productName = BasicGame;
			productReference = A5601E552943453C001CB52F /* BasicGame.app */;
			productType = "com.apple.product-type.application";
		};
/* End PBXNativeTarget section */

/* Begin PBXProject section */
		A5601E4D2943453C001CB52F /* Project object */ = {
			isa = PBXProject;
			attributes = {
				BuildIndependentTargetsInParallel = 1;
				LastSwiftUpdateCheck = 1400;
				LastUpgradeCheck = 1400;
				TargetAttributes = {
					A5601E542943453C001CB52F = {
						CreatedOnToolsVersion = 14.0.1;
					};
				};
			};
			buildConfigurationList = A5601E502943453C001CB52F /* Build configuration list for PBXProject "BowserBash" */;
			compatibilityVersion = "Xcode 14.0";
			developmentRegion = en;
			hasScannedForEncodings = 0;
			knownRegions = (
				en,
				Base,
			);
			mainGroup = A5601E4C2943453C001CB52F;
			productRefGroup = A5601E562943453C001CB52F /* Products */;
			projectDirPath = "";
			projectRoot = "";
			targets = (
				A5601E542943453C001CB52F /* BasicGame */,
			);
		};
/* End PBXProject section */

/* Begin PBXResourcesBuildPhase section */
		A5601E532943453C001CB52F /* Resources */ = {
			isa = PBXResourcesBuildPhase;
			buildActionMask = 2147483647;
			files = (
				A5601E652943453D001CB52F /* LaunchScreen.storyboard in Resources */,
				A5601E622943453D001CB52F /* Assets.xcassets in Resources */,
				A5601E602943453C001CB52F /* Main.storyboard in Resources */,
			);
			runOnlyForDeploymentPostprocessing = 0;
		};
/* End PBXResourcesBuildPhase section */

/* Begin PBXSourcesBuildPhase section */
		A5601E512943453C001CB52F /* Sources */ = {
			isa = PBXSourcesBuildPhase;
			buildActionMask = 2147483647;
			files = (
				A5601E5D2943453C001CB52F /* ViewController.swift in Sources */,
				A5601E6E29434A6E001CB52F /* WonViewController.swift in Sources */,
				ED32E20D29505EEF00720862 /* Magician.swift in Sources */,
				ED32E20B29505EB500720862 /* Fighter.swift in Sources */,
				A5601E7029434A77001CB52F /* LostViewController.swift in Sources */,
				ED32E20F29505F1600720862 /* Boss.swift in Sources */,
				A5601E592943453C001CB52F /* AppDelegate.swift in Sources */,
				A5601E5B2943453C001CB52F /* SceneDelegate.swift in Sources */,
				ED32E20929505E7100720862 /* Charakter.swift in Sources */,
			);
			runOnlyForDeploymentPostprocessing = 0;
		};
/* End PBXSourcesBuildPhase section */

/* Begin PBXVariantGroup section */
		A5601E5E2943453C001CB52F /* Main.storyboard */ = {
			isa = PBXVariantGroup;
			children = (
				A5601E5F2943453C001CB52F /* Base */,
			);
			name = Main.storyboard;
			sourceTree = "<group>";
		};
		A5601E632943453D001CB52F /* LaunchScreen.storyboard */ = {
			isa = PBXVariantGroup;
			children = (
				A5601E642943453D001CB52F /* Base */,
			);
			name = LaunchScreen.storyboard;
			sourceTree = "<group>";
		};
/* End PBXVariantGroup section */

/* Begin XCBuildConfiguration section */
		A5601E672943453D001CB52F /* Debug */ = {
			isa = XCBuildConfiguration;
			buildSettings = {
				ALWAYS_SEARCH_USER_PATHS = NO;
				CLANG_ANALYZER_NONNULL = YES;
				CLANG_ANALYZER_NUMBER_OBJECT_CONVERSION = YES_AGGRESSIVE;
				CLANG_CXX_LANGUAGE_STANDARD = "gnu++20";
				CLANG_ENABLE_MODULES = YES;
				CLANG_ENABLE_OBJC_ARC = YES;
				CLANG_ENABLE_OBJC_WEAK = YES;
				CLANG_WARN_BLOCK_CAPTURE_AUTORELEASING = YES;
				CLANG_WARN_BOOL_CONVERSION = YES;
				CLANG_WARN_COMMA = YES;
				CLANG_WARN_CONSTANT_CONVERSION = YES;
				CLANG_WARN_DEPRECATED_OBJC_IMPLEMENTATIONS = YES;
				CLANG_WARN_DIRECT_OBJC_ISA_USAGE = YES_ERROR;
				CLANG_WARN_DOCUMENTATION_COMMENTS = YES;
				CLANG_WARN_EMPTY_BODY = YES;
				CLANG_WARN_ENUM_CONVERSION = YES;
				CLANG_WARN_INFINITE_RECURSION = YES;
				CLANG_WARN_INT_CONVERSION = YES;
				CLANG_WARN_NON_LITERAL_NULL_CONVERSION = YES;
				CLANG_WARN_OBJC_IMPLICIT_RETAIN_SELF = YES;
				CLANG_WARN_OBJC_LITERAL_CONVERSION = YES;
				CLANG_WARN_OBJC_ROOT_CLASS = YES_ERROR;
				CLANG_WARN_QUOTED_INCLUDE_IN_FRAMEWORK_HEADER = YES;
				CLANG_WARN_RANGE_LOOP_ANALYSIS = YES;
				CLANG_WARN_STRICT_PROTOTYPES = YES;
				CLANG_WARN_SUSPICIOUS_MOVE = YES;
				CLANG_WARN_UNGUARDED_AVAILABILITY = YES_AGGRESSIVE;
				CLANG_WARN_UNREACHABLE_CODE = YES;
				CLANG_WARN__DUPLICATE_METHOD_MATCH = YES;
				COPY_PHASE_STRIP = NO;
				DEBUG_INFORMATION_FORMAT = dwarf;
				ENABLE_STRICT_OBJC_MSGSEND = YES;
				ENABLE_TESTABILITY = YES;
				GCC_C_LANGUAGE_STANDARD = gnu11;
				GCC_DYNAMIC_NO_PIC = NO;
				GCC_NO_COMMON_BLOCKS = YES;
				GCC_OPTIMIZATION_LEVEL = 0;
				GCC_PREPROCESSOR_DEFINITIONS = (
					"DEBUG=1",
					"$(inherited)",
				);
				GCC_WARN_64_TO_32_BIT_CONVERSION = YES;
				GCC_WARN_ABOUT_RETURN_TYPE = YES_ERROR;
				GCC_WARN_UNDECLARED_SELECTOR = YES;
				GCC_WARN_UNINITIALIZED_AUTOS = YES_AGGRESSIVE;
				GCC_WARN_UNUSED_FUNCTION = YES;
				GCC_WARN_UNUSED_VARIABLE = YES;
				IPHONEOS_DEPLOYMENT_TARGET = 16.0;
				MTL_ENABLE_DEBUG_INFO = INCLUDE_SOURCE;
				MTL_FAST_MATH = YES;
				ONLY_ACTIVE_ARCH = YES;
				SDKROOT = iphoneos;
				SWIFT_ACTIVE_COMPILATION_CONDITIONS = DEBUG;
				SWIFT_OPTIMIZATION_LEVEL = "-Onone";
			};
			name = Debug;
		};
		A5601E682943453D001CB52F /* Release */ = {
			isa = XCBuildConfiguration;
			buildSettings = {
				ALWAYS_SEARCH_USER_PATHS = NO;
				CLANG_ANALYZER_NONNULL = YES;
				CLANG_ANALYZER_NUMBER_OBJECT_CONVERSION = YES_AGGRESSIVE;
				CLANG_CXX_LANGUAGE_STANDARD = "gnu++20";
				CLANG_ENABLE_MODULES = YES;
				CLANG_ENABLE_OBJC_ARC = YES;
				CLANG_ENABLE_OBJC_WEAK = YES;
				CLANG_WARN_BLOCK_CAPTURE_AUTORELEASING = YES;
				CLANG_WARN_BOOL_CONVERSION = YES;
				CLANG_WARN_COMMA = YES;
				CLANG_WARN_CONSTANT_CONVERSION = YES;
				CLANG_WARN_DEPRECATED_OBJC_IMPLEMENTATIONS = YES;
				CLANG_WARN_DIRECT_OBJC_ISA_USAGE = YES_ERROR;
				CLANG_WARN_DOCUMENTATION_COMMENTS = YES;
				CLANG_WARN_EMPTY_BODY = YES;
				CLANG_WARN_ENUM_CONVERSION = YES;
				CLANG_WARN_INFINITE_RECURSION = YES;
				CLANG_WARN_INT_CONVERSION = YES;
				CLANG_WARN_NON_LITERAL_NULL_CONVERSION = YES;
				CLANG_WARN_OBJC_IMPLICIT_RETAIN_SELF = YES;
				CLANG_WARN_OBJC_LITERAL_CONVERSION = YES;
				CLANG_WARN_OBJC_ROOT_CLASS = YES_ERROR;
				CLANG_WARN_QUOTED_INCLUDE_IN_FRAMEWORK_HEADER = YES;
				CLANG_WARN_RANGE_LOOP_ANALYSIS = YES;
				CLANG_WARN_STRICT_PROTOTYPES = YES;
				CLANG_WARN_SUSPICIOUS_MOVE = YES;
				CLANG_WARN_UNGUARDED_AVAILABILITY = YES_AGGRESSIVE;
				CLANG_WARN_UNREACHABLE_CODE = YES;
				CLANG_WARN__DUPLICATE_METHOD_MATCH = YES;
				COPY_PHASE_STRIP = NO;
				DEBUG_INFORMATION_FORMAT = "dwarf-with-dsym";
				ENABLE_NS_ASSERTIONS = NO;
				ENABLE_STRICT_OBJC_MSGSEND = YES;
				GCC_C_LANGUAGE_STANDARD = gnu11;
				GCC_NO_COMMON_BLOCKS = YES;
				GCC_WARN_64_TO_32_BIT_CONVERSION = YES;
				GCC_WARN_ABOUT_RETURN_TYPE = YES_ERROR;
				GCC_WARN_UNDECLARED_SELECTOR = YES;
				GCC_WARN_UNINITIALIZED_AUTOS = YES_AGGRESSIVE;
				GCC_WARN_UNUSED_FUNCTION = YES;
				GCC_WARN_UNUSED_VARIABLE = YES;
				IPHONEOS_DEPLOYMENT_TARGET = 16.0;
				MTL_ENABLE_DEBUG_INFO = NO;
				MTL_FAST_MATH = YES;
				SDKROOT = iphoneos;
				SWIFT_COMPILATION_MODE = wholemodule;
				SWIFT_OPTIMIZATION_LEVEL = "-O";
				VALIDATE_PRODUCT = YES;
			};
			name = Release;
		};
		A5601E6A2943453D001CB52F /* Debug */ = {
			isa = XCBuildConfiguration;
			buildSettings = {
				ASSETCATALOG_COMPILER_APPICON_NAME = AppIcon;
				ASSETCATALOG_COMPILER_GLOBAL_ACCENT_COLOR_NAME = AccentColor;
				CODE_SIGN_STYLE = Automatic;
				CURRENT_PROJECT_VERSION = 1;
				DEVELOPMENT_TEAM = 642KU77MN3;
				GENERATE_INFOPLIST_FILE = YES;
				INFOPLIST_FILE = BowserBash/Info.plist;
				INFOPLIST_KEY_UIApplicationSupportsIndirectInputEvents = YES;
				INFOPLIST_KEY_UILaunchStoryboardName = LaunchScreen;
				INFOPLIST_KEY_UIMainStoryboardFile = Main;
				INFOPLIST_KEY_UISupportedInterfaceOrientations_iPad = "UIInterfaceOrientationPortrait UIInterfaceOrientationPortraitUpsideDown UIInterfaceOrientationLandscapeLeft UIInterfaceOrientationLandscapeRight";
				INFOPLIST_KEY_UISupportedInterfaceOrientations_iPhone = "UIInterfaceOrientationPortrait UIInterfaceOrientationLandscapeLeft UIInterfaceOrientationLandscapeRight";
				IPHONEOS_DEPLOYMENT_TARGET = 15.0;
				LD_RUNPATH_SEARCH_PATHS = (
					"$(inherited)",
					"@executable_path/Frameworks",
				);
				MARKETING_VERSION = 1.0;
				PRODUCT_BUNDLE_IDENTIFIER = de.niclasaaron.BasicGame;
				PRODUCT_NAME = "$(TARGET_NAME)";
				SWIFT_EMIT_LOC_STRINGS = YES;
				SWIFT_VERSION = 5.0;
				TARGETED_DEVICE_FAMILY = "1,2";
			};
			name = Debug;
		};
		A5601E6B2943453D001CB52F /* Release */ = {
			isa = XCBuildConfiguration;
			buildSettings = {
				ASSETCATALOG_COMPILER_APPICON_NAME = AppIcon;
				ASSETCATALOG_COMPILER_GLOBAL_ACCENT_COLOR_NAME = AccentColor;
				CODE_SIGN_STYLE = Automatic;
				CURRENT_PROJECT_VERSION = 1;
				DEVELOPMENT_TEAM = 642KU77MN3;
				GENERATE_INFOPLIST_FILE = YES;
				INFOPLIST_FILE = BowserBash/Info.plist;
				INFOPLIST_KEY_UIApplicationSupportsIndirectInputEvents = YES;
				INFOPLIST_KEY_UILaunchStoryboardName = LaunchScreen;
				INFOPLIST_KEY_UIMainStoryboardFile = Main;
				INFOPLIST_KEY_UISupportedInterfaceOrientations_iPad = "UIInterfaceOrientationPortrait UIInterfaceOrientationPortraitUpsideDown UIInterfaceOrientationLandscapeLeft UIInterfaceOrientationLandscapeRight";
				INFOPLIST_KEY_UISupportedInterfaceOrientations_iPhone = "UIInterfaceOrientationPortrait UIInterfaceOrientationLandscapeLeft UIInterfaceOrientationLandscapeRight";
				IPHONEOS_DEPLOYMENT_TARGET = 15.0;
				LD_RUNPATH_SEARCH_PATHS = (
					"$(inherited)",
					"@executable_path/Frameworks",
				);
				MARKETING_VERSION = 1.0;
				PRODUCT_BUNDLE_IDENTIFIER = de.niclasaaron.BasicGame;
				PRODUCT_NAME = "$(TARGET_NAME)";
				SWIFT_EMIT_LOC_STRINGS = YES;
				SWIFT_VERSION = 5.0;
				TARGETED_DEVICE_FAMILY = "1,2";
			};
			name = Release;
		};
/* End XCBuildConfiguration section */

/* Begin XCConfigurationList section */
		A5601E502943453C001CB52F /* Build configuration list for PBXProject "BowserBash" */ = {
			isa = XCConfigurationList;
			buildConfigurations = (
				A5601E672943453D001CB52F /* Debug */,
				A5601E682943453D001CB52F /* Release */,
			);
			defaultConfigurationIsVisible = 0;
			defaultConfigurationName = Release;
		};
		A5601E692943453D001CB52F /* Build configuration list for PBXNativeTarget "BasicGame" */ = {
			isa = XCConfigurationList;
			buildConfigurations = (
				A5601E6A2943453D001CB52F /* Debug */,
				A5601E6B2943453D001CB52F /* Release */,
			);
			defaultConfigurationIsVisible = 0;
			defaultConfigurationName = Release;
		};
/* End XCConfigurationList section */
	};
	rootObject = A5601E4D2943453C001CB52F /* Project object */;
}
